
Microsoft Visual Studio Solution File, Format Version 12.00
# Visual Studio Version 17
VisualStudioVersion = 17.4.33213.308
MinimumVisualStudioVersion = 10.0.40219.1
Project("{8BC9CEB8-8B4A-11D0-8D11-00A0C91BC942}") = "Loto7", "Loto7\Loto7.vcxproj", "{290E815D-E9CB-48E6-9FF1-E0C3C6BF9DA0}"
EndProject
Global
	GlobalSection(SolutionConfigurationPlatforms) = preSolution
		Debug|x64 = Debug|x64
		Debug|x86 = Debug|x86
		Release|x64 = Release|x64
		Release|x86 = Release|x86
	EndGlobalSection
	GlobalSection(ProjectConfigurationPlatforms) = postSolution
		{290E815D-E9CB-48E6-9FF1-E0C3C6BF9DA0}.Debug|x64.ActiveCfg = Debug|x64
		{290E815D-E9CB-48E6-9FF1-E0C3C6BF9DA0}.Debug|x64.Build.0 = Debug|x64
		{290E815D-E9CB-48E6-9FF1-E0C3C6BF9DA0}.Debug|x86.ActiveCfg = Debug|Win32
		{290E815D-E9CB-48E6-9FF1-E0C3C6BF9DA0}.Debug|x86.Build.0 = Debug|Win32
		{290E815D-E9CB-48E6-9FF1-E0C3C6BF9DA0}.Release|x64.ActiveCfg = Release|x64
		{290E815D-E9CB-48E6-9FF1-E0C3C6BF9DA0}.Release|x64.Build.0 = Release|x64
		{290E815D-E9CB-48E6-9FF1-E0C3C6BF9DA0}.Release|x86.ActiveCfg = Release|Win32
		{290E815D-E9CB-48E6-9FF1-E0C3C6BF9DA0}.Release|x86.Build.0 = Release|Win32
	EndGlobalSection
	GlobalSection(SolutionProperties) = preSolution
		HideSolutionNode = FALSE
	EndGlobalSection
	GlobalSection(ExtensibilityGlobals) = postSolution
		SolutionGuid = {6417C7E7-CD6F-42D3-AAA5-82E9F34B1297}
	EndGlobalSection
EndGlobal
